
Microsoft Visual Studio Solution File, Format Version 12.00
# Visual Studio Version 16
VisualStudioVersion = 16.0.31112.23
MinimumVisualStudioVersion = 10.0.40219.1
Project("{FAE04EC0-301F-11D3-BF4B-00C04F79EFBC}") = "FM-VirtualMultiTrackMML", "FM-VirtualMultiTrackMML\FM-VirtualMultiTrackMML.csproj", "{AA8C8B1F-8B7B-4102-B95E-2C1993741FA6}"
EndProject
Global
	GlobalSection(SolutionConfigurationPlatforms) = preSolution
		Debug|Any CPU = Debug|Any CPU
		Release|Any CPU = Release|Any CPU
	EndGlobalSection
	GlobalSection(ProjectConfigurationPlatforms) = postSolution
		{AA8C8B1F-8B7B-4102-B95E-2C1993741FA6}.Debug|Any CPU.ActiveCfg = Debug|Any CPU
		{AA8C8B1F-8B7B-4102-B95E-2C1993741FA6}.Debug|Any CPU.Build.0 = Debug|Any CPU
		{AA8C8B1F-8B7B-4102-B95E-2C1993741FA6}.Release|Any CPU.ActiveCfg = Release|Any CPU
		{AA8C8B1F-8B7B-4102-B95E-2C1993741FA6}.Release|Any CPU.Build.0 = Release|Any CPU
	EndGlobalSection
	GlobalSection(SolutionProperties) = preSolution
		HideSolutionNode = FALSE
	EndGlobalSection
	GlobalSection(ExtensibilityGlobals) = postSolution
		SolutionGuid = {F9074C83-5A2C-4695-B68E-471C2C13C050}
	EndGlobalSection
EndGlobal
